
Microsoft Visual Studio Solution File, Format Version 12.00
# Visual Studio Version 16
VisualStudioVersion = 16.0.31205.134
MinimumVisualStudioVersion = 10.0.40219.1
Project("{9092AA53-FB77-4645-B42D-1CCCA6BD08BD}") = "LibraryApp", "LibraryApp.njsproj", "{5F5BC783-178A-4A41-8248-69C646CF092E}"
EndProject
Global
	GlobalSection(SolutionConfigurationPlatforms) = preSolution
		Debug|Any CPU = Debug|Any CPU
		Release|Any CPU = Release|Any CPU
	EndGlobalSection
	GlobalSection(ProjectConfigurationPlatforms) = postSolution
		{5F5BC783-178A-4A41-8248-69C646CF092E}.Debug|Any CPU.ActiveCfg = Debug|Any CPU
		{5F5BC783-178A-4A41-8248-69C646CF092E}.Debug|Any CPU.Build.0 = Debug|Any CPU
		{5F5BC783-178A-4A41-8248-69C646CF092E}.Release|Any CPU.ActiveCfg = Release|Any CPU
		{5F5BC783-178A-4A41-8248-69C646CF092E}.Release|Any CPU.Build.0 = Release|Any CPU
	EndGlobalSection
	GlobalSection(SolutionProperties) = preSolution
		HideSolutionNode = FALSE
	EndGlobalSection
	GlobalSection(ExtensibilityGlobals) = postSolution
		SolutionGuid = {0CE48963-91D2-42A1-A888-5A5477C9DF16}
	EndGlobalSection
EndGlobal
